
Microsoft Visual Studio Solution File, Format Version 12.00
# Visual Studio Version 16
VisualStudioVersion = 16.0.30406.217
MinimumVisualStudioVersion = 10.0.40219.1
Project("{8BC9CEB8-8B4A-11D0-8D11-00A0C91BC942}") = "SinhVien", "vector\vector.vcxproj", "{1D355FEB-FA0A-4F07-8E7E-2606EDC58711}"
EndProject
Project("{8BC9CEB8-8B4A-11D0-8D11-00A0C91BC942}") = "Tamgiac", "Tamgiac\Tamgiac.vcxproj", "{85F39407-2088-4020-8CA8-3671300A3652}"
EndProject
Project("{8BC9CEB8-8B4A-11D0-8D11-00A0C91BC942}") = "phanso", "phanso\phanso.vcxproj", "{864C4993-47DD-428D-99FF-B397CEB4C9FE}"
EndProject
Project("{8BC9CEB8-8B4A-11D0-8D11-00A0C91BC942}") = "Time", "Time\Time.vcxproj", "{8C44717E-4766-49C5-BB3B-206CD0F29DEF}"
EndProject
Project("{8BC9CEB8-8B4A-11D0-8D11-00A0C91BC942}") = "Date", "Date\Date.vcxproj", "{1FCE20AA-78C5-46CB-A9EC-7A022D94C66C}"
EndProject
Project("{8BC9CEB8-8B4A-11D0-8D11-00A0C91BC942}") = "HinhTron", "HinhTron\HinhTron.vcxproj", "{6BCA7467-2B50-4720-84B7-72E0A93711AD}"
EndProject
Project("{8BC9CEB8-8B4A-11D0-8D11-00A0C91BC942}") = "Shop", "Shop\Shop.vcxproj", "{3F34034D-FC4E-478A-8AF6-5A5C52A29FBB}"
EndProject
Project("{8BC9CEB8-8B4A-11D0-8D11-00A0C91BC942}") = "Stack", "Stack\Stack.vcxproj", "{1FF5BB4F-EFE0-4F6B-8AF3-DD4AC3DC6506}"
EndProject
Project("{8BC9CEB8-8B4A-11D0-8D11-00A0C91BC942}") = "Queue", "Queue\Queue.vcxproj", "{B5E03A9E-49FB-43BD-AF39-513900C60C3D}"
EndProject
Global
	GlobalSection(SolutionConfigurationPlatforms) = preSolution
		Debug|x64 = Debug|x64
		Debug|x86 = Debug|x86
		Release|x64 = Release|x64
		Release|x86 = Release|x86
	EndGlobalSection
	GlobalSection(ProjectConfigurationPlatforms) = postSolution
		{1D355FEB-FA0A-4F07-8E7E-2606EDC58711}.Debug|x64.ActiveCfg = Debug|x64
		{1D355FEB-FA0A-4F07-8E7E-2606EDC58711}.Debug|x64.Build.0 = Debug|x64
		{1D355FEB-FA0A-4F07-8E7E-2606EDC58711}.Debug|x86.ActiveCfg = Debug|Win32
		{1D355FEB-FA0A-4F07-8E7E-2606EDC58711}.Debug|x86.Build.0 = Debug|Win32
		{1D355FEB-FA0A-4F07-8E7E-2606EDC58711}.Release|x64.ActiveCfg = Release|x64
		{1D355FEB-FA0A-4F07-8E7E-2606EDC58711}.Release|x64.Build.0 = Release|x64
		{1D355FEB-FA0A-4F07-8E7E-2606EDC58711}.Release|x86.ActiveCfg = Release|Win32
		{1D355FEB-FA0A-4F07-8E7E-2606EDC58711}.Release|x86.Build.0 = Release|Win32
		{85F39407-2088-4020-8CA8-3671300A3652}.Debug|x64.ActiveCfg = Debug|x64
		{85F39407-2088-4020-8CA8-3671300A3652}.Debug|x64.Build.0 = Debug|x64
		{85F39407-2088-4020-8CA8-3671300A3652}.Debug|x86.ActiveCfg = Debug|Win32
		{85F39407-2088-4020-8CA8-3671300A3652}.Debug|x86.Build.0 = Debug|Win32
		{85F39407-2088-4020-8CA8-3671300A3652}.Release|x64.ActiveCfg = Release|x64
		{85F39407-2088-4020-8CA8-3671300A3652}.Release|x64.Build.0 = Release|x64
		{85F39407-2088-4020-8CA8-3671300A3652}.Release|x86.ActiveCfg = Release|Win32
		{85F39407-2088-4020-8CA8-3671300A3652}.Release|x86.Build.0 = Release|Win32
		{864C4993-47DD-428D-99FF-B397CEB4C9FE}.Debug|x64.ActiveCfg = Debug|x64
		{864C4993-47DD-428D-99FF-B397CEB4C9FE}.Debug|x64.Build.0 = Debug|x64
		{864C4993-47DD-428D-99FF-B397CEB4C9FE}.Debug|x86.ActiveCfg = Debug|Win32
		{864C4993-47DD-428D-99FF-B397CEB4C9FE}.Debug|x86.Build.0 = Debug|Win32
		{864C4993-47DD-428D-99FF-B397CEB4C9FE}.Release|x64.ActiveCfg = Release|x64
		{864C4993-47DD-428D-99FF-B397CEB4C9FE}.Release|x64.Build.0 = Release|x64
		{864C4993-47DD-428D-99FF-B397CEB4C9FE}.Release|x86.ActiveCfg = Release|Win32
		{864C4993-47DD-428D-99FF-B397CEB4C9FE}.Release|x86.Build.0 = Release|Win32
		{8C44717E-4766-49C5-BB3B-206CD0F29DEF}.Debug|x64.ActiveCfg = Debug|x64
		{8C44717E-4766-49C5-BB3B-206CD0F29DEF}.Debug|x64.Build.0 = Debug|x64
		{8C44717E-4766-49C5-BB3B-206CD0F29DEF}.Debug|x86.ActiveCfg = Debug|Win32
		{8C44717E-4766-49C5-BB3B-206CD0F29DEF}.Debug|x86.Build.0 = Debug|Win32
		{8C44717E-4766-49C5-BB3B-206CD0F29DEF}.Release|x64.ActiveCfg = Release|x64
		{8C44717E-4766-49C5-BB3B-206CD0F29DEF}.Release|x64.Build.0 = Release|x64
		{8C44717E-4766-49C5-BB3B-206CD0F29DEF}.Release|x86.ActiveCfg = Release|Win32
		{8C44717E-4766-49C5-BB3B-206CD0F29DEF}.Release|x86.Build.0 = Release|Win32
		{1FCE20AA-78C5-46CB-A9EC-7A022D94C66C}.Debug|x64.ActiveCfg = Debug|x64
		{1FCE20AA-78C5-46CB-A9EC-7A022D94C66C}.Debug|x64.Build.0 = Debug|x64
		{1FCE20AA-78C5-46CB-A9EC-7A022D94C66C}.Debug|x86.ActiveCfg = Debug|Win32
		{1FCE20AA-78C5-46CB-A9EC-7A022D94C66C}.Debug|x86.Build.0 = Debug|Win32
		{1FCE20AA-78C5-46CB-A9EC-7A022D94C66C}.Release|x64.ActiveCfg = Release|x64
		{1FCE20AA-78C5-46CB-A9EC-7A022D94C66C}.Release|x64.Build.0 = Release|x64
		{1FCE20AA-78C5-46CB-A9EC-7A022D94C66C}.Release|x86.ActiveCfg = Release|Win32
		{1FCE20AA-78C5-46CB-A9EC-7A022D94C66C}.Release|x86.Build.0 = Release|Win32
		{6BCA7467-2B50-4720-84B7-72E0A93711AD}.Debug|x64.ActiveCfg = Debug|x64
		{6BCA7467-2B50-4720-84B7-72E0A93711AD}.Debug|x64.Build.0 = Debug|x64
		{6BCA7467-2B50-4720-84B7-72E0A93711AD}.Debug|x86.ActiveCfg = Debug|Win32
		{6BCA7467-2B50-4720-84B7-72E0A93711AD}.Debug|x86.Build.0 = Debug|Win32
		{6BCA7467-2B50-4720-84B7-72E0A93711AD}.Release|x64.ActiveCfg = Release|x64
		{6BCA7467-2B50-4720-84B7-72E0A93711AD}.Release|x64.Build.0 = Release|x64
		{6BCA7467-2B50-4720-84B7-72E0A93711AD}.Release|x86.ActiveCfg = Release|Win32
		{6BCA7467-2B50-4720-84B7-72E0A93711AD}.Release|x86.Build.0 = Release|Win32
		{3F34034D-FC4E-478A-8AF6-5A5C52A29FBB}.Debug|x64.ActiveCfg = Debug|x64
		{3F34034D-FC4E-478A-8AF6-5A5C52A29FBB}.Debug|x64.Build.0 = Debug|x64
		{3F34034D-FC4E-478A-8AF6-5A5C52A29FBB}.Debug|x86.ActiveCfg = Debug|Win32
		{3F34034D-FC4E-478A-8AF6-5A5C52A29FBB}.Debug|x86.Build.0 = Debug|Win32
		{3F34034D-FC4E-478A-8AF6-5A5C52A29FBB}.Release|x64.ActiveCfg = Release|x64
		{3F34034D-FC4E-478A-8AF6-5A5C52A29FBB}.Release|x64.Build.0 = Release|x64
		{3F34034D-FC4E-478A-8AF6-5A5C52A29FBB}.Release|x86.ActiveCfg = Release|Win32
		{3F34034D-FC4E-478A-8AF6-5A5C52A29FBB}.Release|x86.Build.0 = Release|Win32
		{1FF5BB4F-EFE0-4F6B-8AF3-DD4AC3DC6506}.Debug|x64.ActiveCfg = Debug|x64
		{1FF5BB4F-EFE0-4F6B-8AF3-DD4AC3DC6506}.Debug|x64.Build.0 = Debug|x64
		{1FF5BB4F-EFE0-4F6B-8AF3-DD4AC3DC6506}.Debug|x86.ActiveCfg = Debug|Win32
		{1FF5BB4F-EFE0-4F6B-8AF3-DD4AC3DC6506}.Debug|x86.Build.0 = Debug|Win32
		{1FF5BB4F-EFE0-4F6B-8AF3-DD4AC3DC6506}.Release|x64.ActiveCfg = Release|x64
		{1FF5BB4F-EFE0-4F6B-8AF3-DD4AC3DC6506}.Release|x64.Build.0 = Release|x64
		{1FF5BB4F-EFE0-4F6B-8AF3-DD4AC3DC6506}.Release|x86.ActiveCfg = Release|Win32
		{1FF5BB4F-EFE0-4F6B-8AF3-DD4AC3DC6506}.Release|x86.Build.0 = Release|Win32
		{B5E03A9E-49FB-43BD-AF39-513900C60C3D}.Debug|x64.ActiveCfg = Debug|x64
		{B5E03A9E-49FB-43BD-AF39-513900C60C3D}.Debug|x64.Build.0 = Debug|x64
		{B5E03A9E-49FB-43BD-AF39-513900C60C3D}.Debug|x86.ActiveCfg = Debug|Win32
		{B5E03A9E-49FB-43BD-AF39-513900C60C3D}.Debug|x86.Build.0 = Debug|Win32
		{B5E03A9E-49FB-43BD-AF39-513900C60C3D}.Release|x64.ActiveCfg = Release|x64
		{B5E03A9E-49FB-43BD-AF39-513900C60C3D}.Release|x64.Build.0 = Release|x64
		{B5E03A9E-49FB-43BD-AF39-513900C60C3D}.Release|x86.ActiveCfg = Release|Win32
		{B5E03A9E-49FB-43BD-AF39-513900C60C3D}.Release|x86.Build.0 = Release|Win32
	EndGlobalSection
	GlobalSection(SolutionProperties) = preSolution
		HideSolutionNode = FALSE
	EndGlobalSection
	GlobalSection(ExtensibilityGlobals) = postSolution
		SolutionGuid = {E418DBCF-3F4E-4928-809C-80A2DB5BEF7A}
	EndGlobalSection
EndGlobal
